
Microsoft Visual Studio Solution File, Format Version 12.00
# Visual Studio Version 17
VisualStudioVersion = 17.0.31903.59
MinimumVisualStudioVersion = 10.0.40219.1
Project("{FAE04EC0-301F-11D3-BF4B-00C04F79EFBC}") = "GalaxyBot", "GalaxyBot.csproj", "{2D5EE33D-1A8A-4AB8-A5CD-EC579EB8D1C9}"
EndProject
Global
	GlobalSection(SolutionConfigurationPlatforms) = preSolution
		Debug|Any CPU = Debug|Any CPU
		Release|Any CPU = Release|Any CPU
	EndGlobalSection
	GlobalSection(ProjectConfigurationPlatforms) = postSolution
		{2D5EE33D-1A8A-4AB8-A5CD-EC579EB8D1C9}.Debug|Any CPU.ActiveCfg = Debug|Any CPU
		{2D5EE33D-1A8A-4AB8-A5CD-EC579EB8D1C9}.Debug|Any CPU.Build.0 = Debug|Any CPU
		{2D5EE33D-1A8A-4AB8-A5CD-EC579EB8D1C9}.Release|Any CPU.ActiveCfg = Release|Any CPU
		{2D5EE33D-1A8A-4AB8-A5CD-EC579EB8D1C9}.Release|Any CPU.Build.0 = Release|Any CPU
	EndGlobalSection
	GlobalSection(SolutionProperties) = preSolution
		HideSolutionNode = FALSE
	EndGlobalSection
	GlobalSection(ExtensibilityGlobals) = postSolution
		SolutionGuid = {97236911-DA30-48D2-9050-4BBBA2F9E2B9}
	EndGlobalSection
EndGlobal
